
Microsoft Visual Studio Solution File, Format Version 12.00
# Visual Studio Version 17
VisualStudioVersion = 17.14.36121.58 d17.14
MinimumVisualStudioVersion = 10.0.40219.1
Project("{FAE04EC0-301F-11D3-BF4B-00C04F79EFBC}") = "War", "War\War.csproj", "{5569E641-5977-4CEF-9CA9-4272F4CDE386}"
EndProject
Global
	GlobalSection(SolutionConfigurationPlatforms) = preSolution
		Debug|Any CPU = Debug|Any CPU
		Release|Any CPU = Release|Any CPU
	EndGlobalSection
	GlobalSection(ProjectConfigurationPlatforms) = postSolution
		{5569E641-5977-4CEF-9CA9-4272F4CDE386}.Debug|Any CPU.ActiveCfg = Debug|Any CPU
		{5569E641-5977-4CEF-9CA9-4272F4CDE386}.Debug|Any CPU.Build.0 = Debug|Any CPU
		{5569E641-5977-4CEF-9CA9-4272F4CDE386}.Release|Any CPU.ActiveCfg = Release|Any CPU
		{5569E641-5977-4CEF-9CA9-4272F4CDE386}.Release|Any CPU.Build.0 = Release|Any CPU
	EndGlobalSection
	GlobalSection(SolutionProperties) = preSolution
		HideSolutionNode = FALSE
	EndGlobalSection
	GlobalSection(ExtensibilityGlobals) = postSolution
		SolutionGuid = {D74C348E-5388-4A64-A17D-12F514345E82}
	EndGlobalSection
EndGlobal
